// !$*UTF8*$!
{
	archiveVersion = 1;
	classes = {
	};
	objectVersion = 46;
	objects = {

/* Begin PBXBuildFile section */
		920E2ED5195ED92400BBF13A /* AppDelegate.swift in Sources */ = {isa = PBXBuildFile; fileRef = 920E2ED4195ED92400BBF13A /* AppDelegate.swift */; };
		920E2ED7195ED92400BBF13A /* Images.xcassets in Resources */ = {isa = PBXBuildFile; fileRef = 920E2ED6195ED92400BBF13A /* Images.xcassets */; };
		920E2EE3195ED92400BBF13A /* HawkingTests.swift in Sources */ = {isa = PBXBuildFile; fileRef = 920E2EE2195ED92400BBF13A /* HawkingTests.swift */; };
		B319DF3C195EDA34008E9B9C /* Parser.h in CopyFiles */ = {isa = PBXBuildFile; fileRef = B319DF3B195EDA34008E9B9C /* Parser.h */; };
		B319DF3E195EDA34008E9B9C /* Parser.m in Sources */ = {isa = PBXBuildFile; fileRef = B319DF3D195EDA34008E9B9C /* Parser.m */; };
		B319DF44195EDA34008E9B9C /* libParser.a in Frameworks */ = {isa = PBXBuildFile; fileRef = B319DF39195EDA34008E9B9C /* libParser.a */; };
/* End PBXBuildFile section */

/* Begin PBXContainerItemProxy section */
		920E2EDD195ED92400BBF13A /* PBXContainerItemProxy */ = {
			isa = PBXContainerItemProxy;
			containerPortal = 920E2EC7195ED92400BBF13A /* Project object */;
			proxyType = 1;
			remoteGlobalIDString = 920E2ECE195ED92400BBF13A;
			remoteInfo = Hawking;
		};
		B319DF45195EDA34008E9B9C /* PBXContainerItemProxy */ = {
			isa = PBXContainerItemProxy;
			containerPortal = 920E2EC7195ED92400BBF13A /* Project object */;
			proxyType = 1;
			remoteGlobalIDString = B319DF38195EDA34008E9B9C;
			remoteInfo = Parser;
		};
/* End PBXContainerItemProxy section */

/* Begin PBXCopyFilesBuildPhase section */
		B319DF37195EDA34008E9B9C /* CopyFiles */ = {
			isa = PBXCopyFilesBuildPhase;
			buildActionMask = 2147483647;
			dstPath = "include/$(PRODUCT_NAME)";
			dstSubfolderSpec = 16;
			files = (
				B319DF3C195EDA34008E9B9C /* Parser.h in CopyFiles */,
			);
			runOnlyForDeploymentPostprocessing = 0;
		};
/* End PBXCopyFilesBuildPhase section */

/* Begin PBXFileReference section */
		920E2ECF195ED92400BBF13A /* Hawking.app */ = {isa = PBXFileReference; explicitFileType = wrapper.application; includeInIndex = 0; path = Hawking.app; sourceTree = BUILT_PRODUCTS_DIR; };
		920E2ED3195ED92400BBF13A /* Info.plist */ = {isa = PBXFileReference; lastKnownFileType = text.plist.xml; path = Info.plist; sourceTree = "<group>"; };
		920E2ED4195ED92400BBF13A /* AppDelegate.swift */ = {isa = PBXFileReference; lastKnownFileType = sourcecode.swift; path = AppDelegate.swift; sourceTree = "<group>"; };
		920E2ED6195ED92400BBF13A /* Images.xcassets */ = {isa = PBXFileReference; lastKnownFileType = folder.assetcatalog; path = Images.xcassets; sourceTree = "<group>"; };
		920E2EDC195ED92400BBF13A /* HawkingTests.xctest */ = {isa = PBXFileReference; explicitFileType = wrapper.cfbundle; includeInIndex = 0; path = HawkingTests.xctest; sourceTree = BUILT_PRODUCTS_DIR; };
		920E2EE1195ED92400BBF13A /* Info.plist */ = {isa = PBXFileReference; lastKnownFileType = text.plist.xml; path = Info.plist; sourceTree = "<group>"; };
		920E2EE2195ED92400BBF13A /* HawkingTests.swift */ = {isa = PBXFileReference; lastKnownFileType = sourcecode.swift; path = HawkingTests.swift; sourceTree = "<group>"; };
		B319DF39195EDA34008E9B9C /* libParser.a */ = {isa = PBXFileReference; explicitFileType = archive.ar; includeInIndex = 0; path = libParser.a; sourceTree = BUILT_PRODUCTS_DIR; };
		B319DF3B195EDA34008E9B9C /* Parser.h */ = {isa = PBXFileReference; lastKnownFileType = sourcecode.c.h; path = Parser.h; sourceTree = "<group>"; };
		B319DF3D195EDA34008E9B9C /* Parser.m */ = {isa = PBXFileReference; lastKnownFileType = sourcecode.c.objc; path = Parser.m; sourceTree = "<group>"; };
		B319DF43195EDA34008E9B9C /* ParserTests.xctest */ = {isa = PBXFileReference; explicitFileType = wrapper.cfbundle; includeInIndex = 0; path = ParserTests.xctest; sourceTree = BUILT_PRODUCTS_DIR; };
		B319DF49195EDA34008E9B9C /* Info.plist */ = {isa = PBXFileReference; lastKnownFileType = text.plist.xml; path = Info.plist; sourceTree = "<group>"; };
/* End PBXFileReference section */

/* Begin PBXFrameworksBuildPhase section */
		920E2ECC195ED92400BBF13A /* Frameworks */ = {
			isa = PBXFrameworksBuildPhase;
			buildActionMask = 2147483647;
			files = (
			);
			runOnlyForDeploymentPostprocessing = 0;
		};
		920E2ED9195ED92400BBF13A /* Frameworks */ = {
			isa = PBXFrameworksBuildPhase;
			buildActionMask = 2147483647;
			files = (
			);
			runOnlyForDeploymentPostprocessing = 0;
		};
		B319DF36195EDA34008E9B9C /* Frameworks */ = {
			isa = PBXFrameworksBuildPhase;
			buildActionMask = 2147483647;
			files = (
			);
			runOnlyForDeploymentPostprocessing = 0;
		};
		B319DF40195EDA34008E9B9C /* Frameworks */ = {
			isa = PBXFrameworksBuildPhase;
			buildActionMask = 2147483647;
			files = (
				B319DF44195EDA34008E9B9C /* libParser.a in Frameworks */,
			);
			runOnlyForDeploymentPostprocessing = 0;
		};
/* End PBXFrameworksBuildPhase section */

/* Begin PBXGroup section */
		920E2EC6195ED92400BBF13A = {
			isa = PBXGroup;
			children = (
				920E2ED1195ED92400BBF13A /* Hawking */,
				920E2EDF195ED92400BBF13A /* HawkingTests */,
				B319DF3A195EDA34008E9B9C /* Parser */,
				B319DF47195EDA34008E9B9C /* ParserTests */,
				920E2ED0195ED92400BBF13A /* Products */,
			);
			sourceTree = "<group>";
		};
		920E2ED0195ED92400BBF13A /* Products */ = {
			isa = PBXGroup;
			children = (
				920E2ECF195ED92400BBF13A /* Hawking.app */,
				920E2EDC195ED92400BBF13A /* HawkingTests.xctest */,
				B319DF39195EDA34008E9B9C /* libParser.a */,
				B319DF43195EDA34008E9B9C /* ParserTests.xctest */,
			);
			name = Products;
			sourceTree = "<group>";
		};
		920E2ED1195ED92400BBF13A /* Hawking */ = {
			isa = PBXGroup;
			children = (
				920E2ED4195ED92400BBF13A /* AppDelegate.swift */,
				920E2ED6195ED92400BBF13A /* Images.xcassets */,
				920E2ED2195ED92400BBF13A /* Supporting Files */,
			);
			path = Hawking;
			sourceTree = "<group>";
		};
		920E2ED2195ED92400BBF13A /* Supporting Files */ = {
			isa = PBXGroup;
			children = (
				920E2ED3195ED92400BBF13A /* Info.plist */,
			);
			name = "Supporting Files";
			sourceTree = "<group>";
		};
		920E2EDF195ED92400BBF13A /* HawkingTests */ = {
			isa = PBXGroup;
			children = (
				920E2EE2195ED92400BBF13A /* HawkingTests.swift */,
				920E2EE0195ED92400BBF13A /* Supporting Files */,
			);
			path = HawkingTests;
			sourceTree = "<group>";
		};
		920E2EE0195ED92400BBF13A /* Supporting Files */ = {
			isa = PBXGroup;
			children = (
				920E2EE1195ED92400BBF13A /* Info.plist */,
			);
			name = "Supporting Files";
			sourceTree = "<group>";
		};
		B319DF3A195EDA34008E9B9C /* Parser */ = {
			isa = PBXGroup;
			children = (
				B319DF3B195EDA34008E9B9C /* Parser.h */,
				B319DF3D195EDA34008E9B9C /* Parser.m */,
			);
			path = Parser;
			sourceTree = "<group>";
		};
		B319DF47195EDA34008E9B9C /* ParserTests */ = {
			isa = PBXGroup;
			children = (
				B319DF48195EDA34008E9B9C /* Supporting Files */,
			);
			path = ParserTests;
			sourceTree = "<group>";
		};
		B319DF48195EDA34008E9B9C /* Supporting Files */ = {
			isa = PBXGroup;
			children = (
				B319DF49195EDA34008E9B9C /* Info.plist */,
			);
			name = "Supporting Files";
			sourceTree = "<group>";
		};
/* End PBXGroup section */

/* Begin PBXNativeTarget section */
		920E2ECE195ED92400BBF13A /* Hawking */ = {
			isa = PBXNativeTarget;
			buildConfigurationList = 920E2EE6195ED92400BBF13A /* Build configuration list for PBXNativeTarget "Hawking" */;
			buildPhases = (
				920E2ECB195ED92400BBF13A /* Sources */,
				920E2ECC195ED92400BBF13A /* Frameworks */,
				920E2ECD195ED92400BBF13A /* Resources */,
			);
			buildRules = (
			);
			dependencies = (
			);
			name = Hawking;
			productName = Hawking;
			productReference = 920E2ECF195ED92400BBF13A /* Hawking.app */;
			productType = "com.apple.product-type.application";
		};
		920E2EDB195ED92400BBF13A /* HawkingTests */ = {
			isa = PBXNativeTarget;
			buildConfigurationList = 920E2EE9195ED92400BBF13A /* Build configuration list for PBXNativeTarget "HawkingTests" */;
			buildPhases = (
				920E2ED8195ED92400BBF13A /* Sources */,
				920E2ED9195ED92400BBF13A /* Frameworks */,
				920E2EDA195ED92400BBF13A /* Resources */,
			);
			buildRules = (
			);
			dependencies = (
				920E2EDE195ED92400BBF13A /* PBXTargetDependency */,
			);
			name = HawkingTests;
			productName = HawkingTests;
			productReference = 920E2EDC195ED92400BBF13A /* HawkingTests.xctest */;
			productType = "com.apple.product-type.bundle.unit-test";
		};
		B319DF38195EDA34008E9B9C /* Parser */ = {
			isa = PBXNativeTarget;
			buildConfigurationList = B319DF4E195EDA34008E9B9C /* Build configuration list for PBXNativeTarget "Parser" */;
			buildPhases = (
				B319DF35195EDA34008E9B9C /* Sources */,
				B319DF36195EDA34008E9B9C /* Frameworks */,
				B319DF37195EDA34008E9B9C /* CopyFiles */,
			);
			buildRules = (
			);
			dependencies = (
			);
			name = Parser;
			productName = Parser;
			productReference = B319DF39195EDA34008E9B9C /* libParser.a */;
			productType = "com.apple.product-type.library.static";
		};
		B319DF42195EDA34008E9B9C /* ParserTests */ = {
			isa = PBXNativeTarget;
			buildConfigurationList = B319DF4F195EDA34008E9B9C /* Build configuration list for PBXNativeTarget "ParserTests" */;
			buildPhases = (
				B319DF3F195EDA34008E9B9C /* Sources */,
				B319DF40195EDA34008E9B9C /* Frameworks */,
				B319DF41195EDA34008E9B9C /* Resources */,
			);
			buildRules = (
			);
			dependencies = (
				B319DF46195EDA34008E9B9C /* PBXTargetDependency */,
			);
			name = ParserTests;
			productName = ParserTests;
			productReference = B319DF43195EDA34008E9B9C /* ParserTests.xctest */;
			productType = "com.apple.product-type.bundle.unit-test";
		};
/* End PBXNativeTarget section */

/* Begin PBXProject section */
		920E2EC7195ED92400BBF13A /* Project object */ = {
			isa = PBXProject;
			attributes = {
				LastUpgradeCheck = 0600;
				ORGANIZATIONNAME = CocoaHeadsMsk;
				TargetAttributes = {
					920E2ECE195ED92400BBF13A = {
						CreatedOnToolsVersion = 6.0;
					};
					920E2EDB195ED92400BBF13A = {
						CreatedOnToolsVersion = 6.0;
						TestTargetID = 920E2ECE195ED92400BBF13A;
					};
					B319DF38195EDA34008E9B9C = {
						CreatedOnToolsVersion = 6.0;
					};
					B319DF42195EDA34008E9B9C = {
						CreatedOnToolsVersion = 6.0;
						TestTargetID = B319DF38195EDA34008E9B9C;
					};
				};
			};
			buildConfigurationList = 920E2ECA195ED92400BBF13A /* Build configuration list for PBXProject "Hawking" */;
			compatibilityVersion = "Xcode 3.2";
			developmentRegion = English;
			hasScannedForEncodings = 0;
			knownRegions = (
				en,
			);
			mainGroup = 920E2EC6195ED92400BBF13A;
			productRefGroup = 920E2ED0195ED92400BBF13A /* Products */;
			projectDirPath = "";
			projectRoot = "";
			targets = (
				920E2ECE195ED92400BBF13A /* Hawking */,
				920E2EDB195ED92400BBF13A /* HawkingTests */,
				B319DF38195EDA34008E9B9C /* Parser */,
				B319DF42195EDA34008E9B9C /* ParserTests */,
			);
		};
/* End PBXProject section */

/* Begin PBXResourcesBuildPhase section */
		920E2ECD195ED92400BBF13A /* Resources */ = {
			isa = PBXResourcesBuildPhase;
			buildActionMask = 2147483647;
			files = (
				920E2ED7195ED92400BBF13A /* Images.xcassets in Resources */,
			);
			runOnlyForDeploymentPostprocessing = 0;
		};
		920E2EDA195ED92400BBF13A /* Resources */ = {
			isa = PBXResourcesBuildPhase;
			buildActionMask = 2147483647;
			files = (
			);
			runOnlyForDeploymentPostprocessing = 0;
		};
		B319DF41195EDA34008E9B9C /* Resources */ = {
			isa = PBXResourcesBuildPhase;
			buildActionMask = 2147483647;
			files = (
			);
			runOnlyForDeploymentPostprocessing = 0;
		};
/* End PBXResourcesBuildPhase section */

/* Begin PBXSourcesBuildPhase section */
		920E2ECB195ED92400BBF13A /* Sources */ = {
			isa = PBXSourcesBuildPhase;
			buildActionMask = 2147483647;
			files = (
				920E2ED5195ED92400BBF13A /* AppDelegate.swift in Sources */,
			);
			runOnlyForDeploymentPostprocessing = 0;
		};
		920E2ED8195ED92400BBF13A /* Sources */ = {
			isa = PBXSourcesBuildPhase;
			buildActionMask = 2147483647;
			files = (
				920E2EE3195ED92400BBF13A /* HawkingTests.swift in Sources */,
			);
			runOnlyForDeploymentPostprocessing = 0;
		};
		B319DF35195EDA34008E9B9C /* Sources */ = {
			isa = PBXSourcesBuildPhase;
			buildActionMask = 2147483647;
			files = (
				B319DF3E195EDA34008E9B9C /* Parser.m in Sources */,
			);
			runOnlyForDeploymentPostprocessing = 0;
		};
		B319DF3F195EDA34008E9B9C /* Sources */ = {
			isa = PBXSourcesBuildPhase;
			buildActionMask = 2147483647;
			files = (
			);
			runOnlyForDeploymentPostprocessing = 0;
		};
/* End PBXSourcesBuildPhase section */

/* Begin PBXTargetDependency section */
		920E2EDE195ED92400BBF13A /* PBXTargetDependency */ = {
			isa = PBXTargetDependency;
			target = 920E2ECE195ED92400BBF13A /* Hawking */;
			targetProxy = 920E2EDD195ED92400BBF13A /* PBXContainerItemProxy */;
		};
		B319DF46195EDA34008E9B9C /* PBXTargetDependency */ = {
			isa = PBXTargetDependency;
			target = B319DF38195EDA34008E9B9C /* Parser */;
			targetProxy = B319DF45195EDA34008E9B9C /* PBXContainerItemProxy */;
		};
/* End PBXTargetDependency section */

/* Begin XCBuildConfiguration section */
		920E2EE4195ED92400BBF13A /* Debug */ = {
			isa = XCBuildConfiguration;
			buildSettings = {
				ALWAYS_SEARCH_USER_PATHS = NO;
				CLANG_CXX_LANGUAGE_STANDARD = "gnu++0x";
				CLANG_CXX_LIBRARY = "libc++";
				CLANG_ENABLE_MODULES = YES;
				CLANG_ENABLE_OBJC_ARC = YES;
				CLANG_WARN_BOOL_CONVERSION = YES;
				CLANG_WARN_CONSTANT_CONVERSION = YES;
				CLANG_WARN_DIRECT_OBJC_ISA_USAGE = YES_ERROR;
				CLANG_WARN_EMPTY_BODY = YES;
				CLANG_WARN_ENUM_CONVERSION = YES;
				CLANG_WARN_INT_CONVERSION = YES;
				CLANG_WARN_OBJC_ROOT_CLASS = YES_ERROR;
				CLANG_WARN_UNREACHABLE_CODE = YES;
				CLANG_WARN__DUPLICATE_METHOD_MATCH = YES;
				"CODE_SIGN_IDENTITY[sdk=iphoneos*]" = "iPhone Developer";
				COPY_PHASE_STRIP = NO;
				ENABLE_STRICT_OBJC_MSGSEND = YES;
				GCC_C_LANGUAGE_STANDARD = gnu99;
				GCC_DYNAMIC_NO_PIC = NO;
				GCC_OPTIMIZATION_LEVEL = 0;
				GCC_PREPROCESSOR_DEFINITIONS = (
					"DEBUG=1",
					"$(inherited)",
				);
				GCC_SYMBOLS_PRIVATE_EXTERN = NO;
				GCC_WARN_64_TO_32_BIT_CONVERSION = YES;
				GCC_WARN_ABOUT_RETURN_TYPE = YES_ERROR;
				GCC_WARN_UNDECLARED_SELECTOR = YES;
				GCC_WARN_UNINITIALIZED_AUTOS = YES_AGGRESSIVE;
				GCC_WARN_UNUSED_FUNCTION = YES;
				GCC_WARN_UNUSED_VARIABLE = YES;
				IPHONEOS_DEPLOYMENT_TARGET = 8.0;
				METAL_ENABLE_DEBUG_INFO = YES;
				ONLY_ACTIVE_ARCH = YES;
				SDKROOT = iphoneos;
				SWIFT_OPTIMIZATION_LEVEL = "-Onone";
			};
			name = Debug;
		};
		920E2EE5195ED92400BBF13A /* Release */ = {
			isa = XCBuildConfiguration;
			buildSettings = {
				ALWAYS_SEARCH_USER_PATHS = NO;
				CLANG_CXX_LANGUAGE_STANDARD = "gnu++0x";
				CLANG_CXX_LIBRARY = "libc++";
				CLANG_ENABLE_MODULES = YES;
				CLANG_ENABLE_OBJC_ARC = YES;
				CLANG_WARN_BOOL_CONVERSION = YES;
				CLANG_WARN_CONSTANT_CONVERSION = YES;
				CLANG_WARN_DIRECT_OBJC_ISA_USAGE = YES_ERROR;
				CLANG_WARN_EMPTY_BODY = YES;
				CLANG_WARN_ENUM_CONVERSION = YES;
				CLANG_WARN_INT_CONVERSION = YES;
				CLANG_WARN_OBJC_ROOT_CLASS = YES_ERROR;
				CLANG_WARN_UNREACHABLE_CODE = YES;
				CLANG_WARN__DUPLICATE_METHOD_MATCH = YES;
				"CODE_SIGN_IDENTITY[sdk=iphoneos*]" = "iPhone Developer";
				COPY_PHASE_STRIP = YES;
				ENABLE_NS_ASSERTIONS = NO;
				ENABLE_STRICT_OBJC_MSGSEND = YES;
				GCC_C_LANGUAGE_STANDARD = gnu99;
				GCC_WARN_64_TO_32_BIT_CONVERSION = YES;
				GCC_WARN_ABOUT_RETURN_TYPE = YES_ERROR;
				GCC_WARN_UNDECLARED_SELECTOR = YES;
				GCC_WARN_UNINITIALIZED_AUTOS = YES_AGGRESSIVE;
				GCC_WARN_UNUSED_FUNCTION = YES;
				GCC_WARN_UNUSED_VARIABLE = YES;
				IPHONEOS_DEPLOYMENT_TARGET = 8.0;
				METAL_ENABLE_DEBUG_INFO = NO;
				SDKROOT = iphoneos;
				VALIDATE_PRODUCT = YES;
			};
			name = Release;
		};
		920E2EE7195ED92400BBF13A /* Debug */ = {
			isa = XCBuildConfiguration;
			buildSettings = {
				ASSETCATALOG_COMPILER_APPICON_NAME = AppIcon;
				ASSETCATALOG_COMPILER_LAUNCHIMAGE_NAME = LaunchImage;
				INFOPLIST_FILE = Hawking/Info.plist;
				LD_RUNPATH_SEARCH_PATHS = "$(inherited) @executable_path/Frameworks";
				PRODUCT_NAME = "$(TARGET_NAME)";
			};
			name = Debug;
		};
		920E2EE8195ED92400BBF13A /* Release */ = {
			isa = XCBuildConfiguration;
			buildSettings = {
				ASSETCATALOG_COMPILER_APPICON_NAME = AppIcon;
				ASSETCATALOG_COMPILER_LAUNCHIMAGE_NAME = LaunchImage;
				INFOPLIST_FILE = Hawking/Info.plist;
				LD_RUNPATH_SEARCH_PATHS = "$(inherited) @executable_path/Frameworks";
				PRODUCT_NAME = "$(TARGET_NAME)";
			};
			name = Release;
		};
		920E2EEA195ED92400BBF13A /* Debug */ = {
			isa = XCBuildConfiguration;
			buildSettings = {
				BUNDLE_LOADER = "$(BUILT_PRODUCTS_DIR)/Hawking.app/Hawking";
				FRAMEWORK_SEARCH_PATHS = (
					"$(SDKROOT)/Developer/Library/Frameworks",
					"$(inherited)",
				);
				GCC_PREPROCESSOR_DEFINITIONS = (
					"DEBUG=1",
					"$(inherited)",
				);
				INFOPLIST_FILE = HawkingTests/Info.plist;
				LD_RUNPATH_SEARCH_PATHS = "$(inherited) @executable_path/Frameworks @loader_path/Frameworks";
				METAL_ENABLE_DEBUG_INFO = YES;
				PRODUCT_NAME = "$(TARGET_NAME)";
				TEST_HOST = "$(BUNDLE_LOADER)";
			};
			name = Debug;
		};
		920E2EEB195ED92400BBF13A /* Release */ = {
			isa = XCBuildConfiguration;
			buildSettings = {
				BUNDLE_LOADER = "$(BUILT_PRODUCTS_DIR)/Hawking.app/Hawking";
				FRAMEWORK_SEARCH_PATHS = (
					"$(SDKROOT)/Developer/Library/Frameworks",
					"$(inherited)",
				);
				INFOPLIST_FILE = HawkingTests/Info.plist;
				LD_RUNPATH_SEARCH_PATHS = "$(inherited) @executable_path/Frameworks @loader_path/Frameworks";
				METAL_ENABLE_DEBUG_INFO = NO;
				PRODUCT_NAME = "$(TARGET_NAME)";
				TEST_HOST = "$(BUNDLE_LOADER)";
			};
			name = Release;
		};
		B319DF4A195EDA34008E9B9C /* Debug */ = {
			isa = XCBuildConfiguration;
			buildSettings = {
				GCC_PREPROCESSOR_DEFINITIONS = (
					"DEBUG=1",
					"$(inherited)",
				);
				METAL_ENABLE_DEBUG_INFO = YES;
				OTHER_LDFLAGS = "-ObjC";
				PRODUCT_NAME = "$(TARGET_NAME)";
				SKIP_INSTALL = YES;
			};
			name = Debug;
		};
		B319DF4B195EDA34008E9B9C /* Release */ = {
			isa = XCBuildConfiguration;
			buildSettings = {
				METAL_ENABLE_DEBUG_INFO = NO;
				OTHER_LDFLAGS = "-ObjC";
				PRODUCT_NAME = "$(TARGET_NAME)";
				SKIP_INSTALL = YES;
			};
			name = Release;
		};
		B319DF4C195EDA34008E9B9C /* Debug */ = {
			isa = XCBuildConfiguration;
			buildSettings = {
				FRAMEWORK_SEARCH_PATHS = (
					"$(SDKROOT)/Developer/Library/Frameworks",
					"$(inherited)",
				);
				GCC_PREPROCESSOR_DEFINITIONS = (
					"DEBUG=1",
					"$(inherited)",
				);
				INFOPLIST_FILE = ParserTests/Info.plist;
				LD_RUNPATH_SEARCH_PATHS = "$(inherited) @executable_path/Frameworks @loader_path/Frameworks";
				METAL_ENABLE_DEBUG_INFO = YES;
				PRODUCT_NAME = "$(TARGET_NAME)";
			};
			name = Debug;
		};
		B319DF4D195EDA34008E9B9C /* Release */ = {
			isa = XCBuildConfiguration;
			buildSettings = {
				FRAMEWORK_SEARCH_PATHS = (
					"$(SDKROOT)/Developer/Library/Frameworks",
					"$(inherited)",
				);
				INFOPLIST_FILE = ParserTests/Info.plist;
				LD_RUNPATH_SEARCH_PATHS = "$(inherited) @executable_path/Frameworks @loader_path/Frameworks";
				METAL_ENABLE_DEBUG_INFO = NO;
				PRODUCT_NAME = "$(TARGET_NAME)";
			};
			name = Release;
		};
/* End XCBuildConfiguration section */

/* Begin XCConfigurationList section */
		920E2ECA195ED92400BBF13A /* Build configuration list for PBXProject "Hawking" */ = {
			isa = XCConfigurationList;
			buildConfigurations = (
				920E2EE4195ED92400BBF13A /* Debug */,
				920E2EE5195ED92400BBF13A /* Release */,
			);
			defaultConfigurationIsVisible = 0;
			defaultConfigurationName = Release;
		};
		920E2EE6195ED92400BBF13A /* Build configuration list for PBXNativeTarget "Hawking" */ = {
			isa = XCConfigurationList;
			buildConfigurations = (
				920E2EE7195ED92400BBF13A /* Debug */,
				920E2EE8195ED92400BBF13A /* Release */,
			);
			defaultConfigurationIsVisible = 0;
			defaultConfigurationName = Release;
		};
		920E2EE9195ED92400BBF13A /* Build configuration list for PBXNativeTarget "HawkingTests" */ = {
			isa = XCConfigurationList;
			buildConfigurations = (
				920E2EEA195ED92400BBF13A /* Debug */,
				920E2EEB195ED92400BBF13A /* Release */,
			);
			defaultConfigurationIsVisible = 0;
			defaultConfigurationName = Release;
		};
		B319DF4E195EDA34008E9B9C /* Build configuration list for PBXNativeTarget "Parser" */ = {
			isa = XCConfigurationList;
			buildConfigurations = (
				B319DF4A195EDA34008E9B9C /* Debug */,
				B319DF4B195EDA34008E9B9C /* Release */,
			);
			defaultConfigurationIsVisible = 0;
		};
		B319DF4F195EDA34008E9B9C /* Build configuration list for PBXNativeTarget "ParserTests" */ = {
			isa = XCConfigurationList;
			buildConfigurations = (
				B319DF4C195EDA34008E9B9C /* Debug */,
				B319DF4D195EDA34008E9B9C /* Release */,
			);
			defaultConfigurationIsVisible = 0;
		};
/* End XCConfigurationList section */
	};
	rootObject = 920E2EC7195ED92400BBF13A /* Project object */;
}
